
Microsoft Visual Studio Solution File, Format Version 12.00
Project("{FAE04EC0-301F-11D3-BF4B-00C04F79EFBC}") = "Ejercicio_Repaso_1", "Ejercicio_Repaso_1\Ejercicio_Repaso_1.csproj", "{C202A19B-41F5-4F2C-B4AF-C0394BDB609A}"
EndProject
Global
	GlobalSection(SolutionConfigurationPlatforms) = preSolution
		Debug|Any CPU = Debug|Any CPU
		Release|Any CPU = Release|Any CPU
	EndGlobalSection
	GlobalSection(ProjectConfigurationPlatforms) = postSolution
		{C202A19B-41F5-4F2C-B4AF-C0394BDB609A}.Debug|Any CPU.ActiveCfg = Debug|Any CPU
		{C202A19B-41F5-4F2C-B4AF-C0394BDB609A}.Debug|Any CPU.Build.0 = Debug|Any CPU
		{C202A19B-41F5-4F2C-B4AF-C0394BDB609A}.Release|Any CPU.ActiveCfg = Release|Any CPU
		{C202A19B-41F5-4F2C-B4AF-C0394BDB609A}.Release|Any CPU.Build.0 = Release|Any CPU
	EndGlobalSection
EndGlobal
