
Microsoft Visual Studio Solution File, Format Version 12.00
Project("{FAE04EC0-301F-11D3-BF4B-00C04F79EFBC}") = "Ejercicio de clase 28-01-2026", "Ejercicio de clase 28-01-2026\Ejercicio de clase 28-01-2026.csproj", "{AC96EB8E-1933-4FF2-8957-596B85B6525A}"
EndProject
Global
	GlobalSection(SolutionConfigurationPlatforms) = preSolution
		Debug|Any CPU = Debug|Any CPU
		Release|Any CPU = Release|Any CPU
	EndGlobalSection
	GlobalSection(ProjectConfigurationPlatforms) = postSolution
		{AC96EB8E-1933-4FF2-8957-596B85B6525A}.Debug|Any CPU.ActiveCfg = Debug|Any CPU
		{AC96EB8E-1933-4FF2-8957-596B85B6525A}.Debug|Any CPU.Build.0 = Debug|Any CPU
		{AC96EB8E-1933-4FF2-8957-596B85B6525A}.Release|Any CPU.ActiveCfg = Release|Any CPU
		{AC96EB8E-1933-4FF2-8957-596B85B6525A}.Release|Any CPU.Build.0 = Release|Any CPU
	EndGlobalSection
EndGlobal
