
Microsoft Visual Studio Solution File, Format Version 12.00
Project("{FAE04EC0-301F-11D3-BF4B-00C04F79EFBC}") = "Tarea_lunes_2", "Tarea_lunes_2\Tarea_lunes_2.csproj", "{3897CBB6-8CC3-40DB-A819-3E71E1EA5481}"
EndProject
Global
	GlobalSection(SolutionConfigurationPlatforms) = preSolution
		Debug|Any CPU = Debug|Any CPU
		Release|Any CPU = Release|Any CPU
	EndGlobalSection
	GlobalSection(ProjectConfigurationPlatforms) = postSolution
		{3897CBB6-8CC3-40DB-A819-3E71E1EA5481}.Debug|Any CPU.ActiveCfg = Debug|Any CPU
		{3897CBB6-8CC3-40DB-A819-3E71E1EA5481}.Debug|Any CPU.Build.0 = Debug|Any CPU
		{3897CBB6-8CC3-40DB-A819-3E71E1EA5481}.Release|Any CPU.ActiveCfg = Release|Any CPU
		{3897CBB6-8CC3-40DB-A819-3E71E1EA5481}.Release|Any CPU.Build.0 = Release|Any CPU
	EndGlobalSection
EndGlobal
