
Microsoft Visual Studio Solution File, Format Version 12.00
Project("{FAE04EC0-301F-11D3-BF4B-00C04F79EFBC}") = "EjercicioIU-1", "EjercicioIU-1\EjercicioIU-1.csproj", "{F70E96CC-4FB3-428E-976C-7342A103C1DD}"
EndProject
Global
	GlobalSection(SolutionConfigurationPlatforms) = preSolution
		Debug|Any CPU = Debug|Any CPU
		Release|Any CPU = Release|Any CPU
	EndGlobalSection
	GlobalSection(ProjectConfigurationPlatforms) = postSolution
		{F70E96CC-4FB3-428E-976C-7342A103C1DD}.Debug|Any CPU.ActiveCfg = Debug|Any CPU
		{F70E96CC-4FB3-428E-976C-7342A103C1DD}.Debug|Any CPU.Build.0 = Debug|Any CPU
		{F70E96CC-4FB3-428E-976C-7342A103C1DD}.Release|Any CPU.ActiveCfg = Release|Any CPU
		{F70E96CC-4FB3-428E-976C-7342A103C1DD}.Release|Any CPU.Build.0 = Release|Any CPU
	EndGlobalSection
EndGlobal
