
Microsoft Visual Studio Solution File, Format Version 12.00
Project("{FAE04EC0-301F-11D3-BF4B-00C04F79EFBC}") = "ejercicio2_04-03-2026", "ejercicio2_04-03-2026\ejercicio2_04-03-2026.csproj", "{45969355-5066-4C90-A0C0-944ED275639C}"
EndProject
Global
	GlobalSection(SolutionConfigurationPlatforms) = preSolution
		Debug|Any CPU = Debug|Any CPU
		Release|Any CPU = Release|Any CPU
	EndGlobalSection
	GlobalSection(ProjectConfigurationPlatforms) = postSolution
		{45969355-5066-4C90-A0C0-944ED275639C}.Debug|Any CPU.ActiveCfg = Debug|Any CPU
		{45969355-5066-4C90-A0C0-944ED275639C}.Debug|Any CPU.Build.0 = Debug|Any CPU
		{45969355-5066-4C90-A0C0-944ED275639C}.Release|Any CPU.ActiveCfg = Release|Any CPU
		{45969355-5066-4C90-A0C0-944ED275639C}.Release|Any CPU.Build.0 = Release|Any CPU
	EndGlobalSection
EndGlobal
