
Microsoft Visual Studio Solution File, Format Version 12.00
Project("{FAE04EC0-301F-11D3-BF4B-00C04F79EFBC}") = "Lab_Ejercicios_1", "Lab_Ejercicios_1\Lab_Ejercicios_1.csproj", "{F5B0368E-9BED-4CC7-AFD9-6D50A5E1CB4F}"
EndProject
Global
	GlobalSection(SolutionConfigurationPlatforms) = preSolution
		Debug|Any CPU = Debug|Any CPU
		Release|Any CPU = Release|Any CPU
	EndGlobalSection
	GlobalSection(ProjectConfigurationPlatforms) = postSolution
		{F5B0368E-9BED-4CC7-AFD9-6D50A5E1CB4F}.Debug|Any CPU.ActiveCfg = Debug|Any CPU
		{F5B0368E-9BED-4CC7-AFD9-6D50A5E1CB4F}.Debug|Any CPU.Build.0 = Debug|Any CPU
		{F5B0368E-9BED-4CC7-AFD9-6D50A5E1CB4F}.Release|Any CPU.ActiveCfg = Release|Any CPU
		{F5B0368E-9BED-4CC7-AFD9-6D50A5E1CB4F}.Release|Any CPU.Build.0 = Release|Any CPU
	EndGlobalSection
EndGlobal
