
Microsoft Visual Studio Solution File, Format Version 12.00
Project("{FAE04EC0-301F-11D3-BF4B-00C04F79EFBC}") = "Proyecto", "Proyecto\Proyecto.csproj", "{A2CBC999-D88F-4D90-AB60-CAB5A7FB530C}"
EndProject
Global
	GlobalSection(SolutionConfigurationPlatforms) = preSolution
		Debug|Any CPU = Debug|Any CPU
		Release|Any CPU = Release|Any CPU
	EndGlobalSection
	GlobalSection(ProjectConfigurationPlatforms) = postSolution
		{A2CBC999-D88F-4D90-AB60-CAB5A7FB530C}.Debug|Any CPU.ActiveCfg = Debug|Any CPU
		{A2CBC999-D88F-4D90-AB60-CAB5A7FB530C}.Debug|Any CPU.Build.0 = Debug|Any CPU
		{A2CBC999-D88F-4D90-AB60-CAB5A7FB530C}.Release|Any CPU.ActiveCfg = Release|Any CPU
		{A2CBC999-D88F-4D90-AB60-CAB5A7FB530C}.Release|Any CPU.Build.0 = Release|Any CPU
	EndGlobalSection
EndGlobal
